// !$*UTF8*$!
{
	archiveVersion = 1;
	classes = {
	};
	objectVersion = 48;
	objects = {

/* Begin PBXBuildFile section */
		50A5BC7E1F641FBF00190C97 /* AppDelegate.swift in Sources */ = {isa = PBXBuildFile; fileRef = 50A5BC7D1F641FBF00190C97 /* AppDelegate.swift */; };
		50A5BC801F641FBF00190C97 /* ViewController.swift in Sources */ = {isa = PBXBuildFile; fileRef = 50A5BC7F1F641FBF00190C97 /* ViewController.swift */; };
		50A5BC821F641FBF00190C97 /* Assets.xcassets in Resources */ = {isa = PBXBuildFile; fileRef = 50A5BC811F641FBF00190C97 /* Assets.xcassets */; };
		50A5BC851F641FBF00190C97 /* Main.storyboard in Resources */ = {isa = PBXBuildFile; fileRef = 50A5BC831F641FBF00190C97 /* Main.storyboard */; };
/* End PBXBuildFile section */

/* Begin PBXFileReference section */
		50A5BC7A1F641FBF00190C97 /* StackOverflow ToolbarItem Test.app */ = {isa = PBXFileReference; explicitFileType = wrapper.application; includeInIndex = 0; path = "StackOverflow ToolbarItem Test.app"; sourceTree = BUILT_PRODUCTS_DIR; };
		50A5BC7D1F641FBF00190C97 /* AppDelegate.swift */ = {isa = PBXFileReference; lastKnownFileType = sourcecode.swift; path = AppDelegate.swift; sourceTree = "<group>"; };
		50A5BC7F1F641FBF00190C97 /* ViewController.swift */ = {isa = PBXFileReference; lastKnownFileType = sourcecode.swift; path = ViewController.swift; sourceTree = "<group>"; };
		50A5BC811F641FBF00190C97 /* Assets.xcassets */ = {isa = PBXFileReference; lastKnownFileType = folder.assetcatalog; path = Assets.xcassets; sourceTree = "<group>"; };
		50A5BC841F641FBF00190C97 /* Base */ = {isa = PBXFileReference; lastKnownFileType = file.storyboard; name = Base; path = Base.lproj/Main.storyboard; sourceTree = "<group>"; };
		50A5BC861F641FBF00190C97 /* Info.plist */ = {isa = PBXFileReference; lastKnownFileType = text.plist.xml; path = Info.plist; sourceTree = "<group>"; };
		50A5BC871F641FBF00190C97 /* Test.entitlements */ = {isa = PBXFileReference; lastKnownFileType = text.plist.entitlements; path = Test.entitlements; sourceTree = "<group>"; };
/* End PBXFileReference section */

/* Begin PBXFrameworksBuildPhase section */
		50A5BC771F641FBF00190C97 /* Frameworks */ = {
			isa = PBXFrameworksBuildPhase;
			buildActionMask = 2147483647;
			files = (
			);
			runOnlyForDeploymentPostprocessing = 0;
		};
/* End PBXFrameworksBuildPhase section */

/* Begin PBXGroup section */
		50A5BC711F641FBF00190C97 = {
			isa = PBXGroup;
			children = (
				50A5BC7C1F641FBF00190C97 /* StackOverflow ToolbarItem Test */,
				50A5BC7B1F641FBF00190C97 /* Products */,
			);
			sourceTree = "<group>";
		};
		50A5BC7B1F641FBF00190C97 /* Products */ = {
			isa = PBXGroup;
			children = (
				50A5BC7A1F641FBF00190C97 /* StackOverflow ToolbarItem Test.app */,
			);
			name = Products;
			sourceTree = "<group>";
		};
		50A5BC7C1F641FBF00190C97 /* StackOverflow ToolbarItem Test */ = {
			isa = PBXGroup;
			children = (
				50A5BC7D1F641FBF00190C97 /* AppDelegate.swift */,
				50A5BC7F1F641FBF00190C97 /* ViewController.swift */,
				50A5BC811F641FBF00190C97 /* Assets.xcassets */,
				50A5BC831F641FBF00190C97 /* Main.storyboard */,
				50A5BC861F641FBF00190C97 /* Info.plist */,
				50A5BC871F641FBF00190C97 /* Test.entitlements */,
			);
			path = "StackOverflow ToolbarItem Test";
			sourceTree = "<group>";
		};
/* End PBXGroup section */

/* Begin PBXNativeTarget section */
		50A5BC791F641FBF00190C97 /* StackOverflow ToolbarItem Test */ = {
			isa = PBXNativeTarget;
			buildConfigurationList = 50A5BC8A1F641FBF00190C97 /* Build configuration list for PBXNativeTarget "StackOverflow ToolbarItem Test" */;
			buildPhases = (
				50A5BC761F641FBF00190C97 /* Sources */,
				50A5BC771F641FBF00190C97 /* Frameworks */,
				50A5BC781F641FBF00190C97 /* Resources */,
			);
			buildRules = (
			);
			dependencies = (
			);
			name = "StackOverflow ToolbarItem Test";
			productName = Test;
			productReference = 50A5BC7A1F641FBF00190C97 /* StackOverflow ToolbarItem Test.app */;
			productType = "com.apple.product-type.application";
		};
/* End PBXNativeTarget section */

/* Begin PBXProject section */
		50A5BC721F641FBF00190C97 /* Project object */ = {
			isa = PBXProject;
			attributes = {
				LastSwiftUpdateCheck = 0900;
				LastUpgradeCheck = 0900;
				ORGANIZATIONNAME = "Max Langer";
				TargetAttributes = {
					50A5BC791F641FBF00190C97 = {
						CreatedOnToolsVersion = 9.0;
						ProvisioningStyle = Automatic;
					};
				};
			};
			buildConfigurationList = 50A5BC751F641FBF00190C97 /* Build configuration list for PBXProject "StackOverflow ToolbarItem Test" */;
			compatibilityVersion = "Xcode 8.0";
			developmentRegion = en;
			hasScannedForEncodings = 0;
			knownRegions = (
				en,
				Base,
			);
			mainGroup = 50A5BC711F641FBF00190C97;
			productRefGroup = 50A5BC7B1F641FBF00190C97 /* Products */;
			projectDirPath = "";
			projectRoot = "";
			targets = (
				50A5BC791F641FBF00190C97 /* StackOverflow ToolbarItem Test */,
			);
		};
/* End PBXProject section */

/* Begin PBXResourcesBuildPhase section */
		50A5BC781F641FBF00190C97 /* Resources */ = {
			isa = PBXResourcesBuildPhase;
			buildActionMask = 2147483647;
			files = (
				50A5BC821F641FBF00190C97 /* Assets.xcassets in Resources */,
				50A5BC851F641FBF00190C97 /* Main.storyboard in Resources */,
			);
			runOnlyForDeploymentPostprocessing = 0;
		};
/* End PBXResourcesBuildPhase section */

/* Begin PBXSourcesBuildPhase section */
		50A5BC761F641FBF00190C97 /* Sources */ = {
			isa = PBXSourcesBuildPhase;
			buildActionMask = 2147483647;
			files = (
				50A5BC801F641FBF00190C97 /* ViewController.swift in Sources */,
				50A5BC7E1F641FBF00190C97 /* AppDelegate.swift in Sources */,
			);
			runOnlyForDeploymentPostprocessing = 0;
		};
/* End PBXSourcesBuildPhase section */

/* Begin PBXVariantGroup section */
		50A5BC831F641FBF00190C97 /* Main.storyboard */ = {
			isa = PBXVariantGroup;
			children = (
				50A5BC841F641FBF00190C97 /* Base */,
			);
			name = Main.storyboard;
			sourceTree = "<group>";
		};
/* End PBXVariantGroup section */

/* Begin XCBuildConfiguration section */
		50A5BC881F641FBF00190C97 /* Debug */ = {
			isa = XCBuildConfiguration;
			buildSettings = {
				ALWAYS_SEARCH_USER_PATHS = NO;
				CLANG_ANALYZER_NONNULL = YES;
				CLANG_ANALYZER_NUMBER_OBJECT_CONVERSION = YES_AGGRESSIVE;
				CLANG_CXX_LANGUAGE_STANDARD = "gnu++14";
				CLANG_CXX_LIBRARY = "libc++";
				CLANG_ENABLE_MODULES = YES;
				CLANG_ENABLE_OBJC_ARC = YES;
				CLANG_WARN_BLOCK_CAPTURE_AUTORELEASING = YES;
				CLANG_WARN_BOOL_CONVERSION = YES;
				CLANG_WARN_COMMA = YES;
				CLANG_WARN_CONSTANT_CONVERSION = YES;
				CLANG_WARN_DIRECT_OBJC_ISA_USAGE = YES_ERROR;
				CLANG_WARN_DOCUMENTATION_COMMENTS = YES;
				CLANG_WARN_EMPTY_BODY = YES;
				CLANG_WARN_ENUM_CONVERSION = YES;
				CLANG_WARN_INFINITE_RECURSION = YES;
				CLANG_WARN_INT_CONVERSION = YES;
				CLANG_WARN_NON_LITERAL_NULL_CONVERSION = YES;
				CLANG_WARN_OBJC_LITERAL_CONVERSION = YES;
				CLANG_WARN_OBJC_ROOT_CLASS = YES_ERROR;
				CLANG_WARN_RANGE_LOOP_ANALYSIS = YES;
				CLANG_WARN_STRICT_PROTOTYPES = YES;
				CLANG_WARN_SUSPICIOUS_MOVE = YES;
				CLANG_WARN_UNGUARDED_AVAILABILITY = YES_AGGRESSIVE;
				CLANG_WARN_UNREACHABLE_CODE = YES;
				CLANG_WARN__DUPLICATE_METHOD_MATCH = YES;
				CODE_SIGN_IDENTITY = "Mac Developer";
				COPY_PHASE_STRIP = NO;
				DEBUG_INFORMATION_FORMAT = dwarf;
				ENABLE_STRICT_OBJC_MSGSEND = YES;
				ENABLE_TESTABILITY = YES;
				GCC_C_LANGUAGE_STANDARD = gnu11;
				GCC_DYNAMIC_NO_PIC = NO;
				GCC_NO_COMMON_BLOCKS = YES;
				GCC_OPTIMIZATION_LEVEL = 0;
				GCC_PREPROCESSOR_DEFINITIONS = (
					"DEBUG=1",
					"$(inherited)",
				);
				GCC_WARN_64_TO_32_BIT_CONVERSION = YES;
				GCC_WARN_ABOUT_RETURN_TYPE = YES_ERROR;
				GCC_WARN_UNDECLARED_SELECTOR = YES;
				GCC_WARN_UNINITIALIZED_AUTOS = YES_AGGRESSIVE;
				GCC_WARN_UNUSED_FUNCTION = YES;
				GCC_WARN_UNUSED_VARIABLE = YES;
				MACOSX_DEPLOYMENT_TARGET = 10.12;
				MTL_ENABLE_DEBUG_INFO = YES;
				ONLY_ACTIVE_ARCH = YES;
				SDKROOT = macosx;
				SWIFT_ACTIVE_COMPILATION_CONDITIONS = DEBUG;
				SWIFT_OPTIMIZATION_LEVEL = "-Onone";
			};
			name = Debug;
		};
		50A5BC891F641FBF00190C97 /* Release */ = {
			isa = XCBuildConfiguration;
			buildSettings = {
				ALWAYS_SEARCH_USER_PATHS = NO;
				CLANG_ANALYZER_NONNULL = YES;
				CLANG_ANALYZER_NUMBER_OBJECT_CONVERSION = YES_AGGRESSIVE;
				CLANG_CXX_LANGUAGE_STANDARD = "gnu++14";
				CLANG_CXX_LIBRARY = "libc++";
				CLANG_ENABLE_MODULES = YES;
				CLANG_ENABLE_OBJC_ARC = YES;
				CLANG_WARN_BLOCK_CAPTURE_AUTORELEASING = YES;
				CLANG_WARN_BOOL_CONVERSION = YES;
				CLANG_WARN_COMMA = YES;
				CLANG_WARN_CONSTANT_CONVERSION = YES;
				CLANG_WARN_DIRECT_OBJC_ISA_USAGE = YES_ERROR;
				CLANG_WARN_DOCUMENTATION_COMMENTS = YES;
				CLANG_WARN_EMPTY_BODY = YES;
				CLANG_WARN_ENUM_CONVERSION = YES;
				CLANG_WARN_INFINITE_RECURSION = YES;
				CLANG_WARN_INT_CONVERSION = YES;
				CLANG_WARN_NON_LITERAL_NULL_CONVERSION = YES;
				CLANG_WARN_OBJC_LITERAL_CONVERSION = YES;
				CLANG_WARN_OBJC_ROOT_CLASS = YES_ERROR;
				CLANG_WARN_RANGE_LOOP_ANALYSIS = YES;
				CLANG_WARN_STRICT_PROTOTYPES = YES;
				CLANG_WARN_SUSPICIOUS_MOVE = YES;
				CLANG_WARN_UNGUARDED_AVAILABILITY = YES_AGGRESSIVE;
				CLANG_WARN_UNREACHABLE_CODE = YES;
				CLANG_WARN__DUPLICATE_METHOD_MATCH = YES;
				CODE_SIGN_IDENTITY = "Mac Developer";
				COPY_PHASE_STRIP = NO;
				DEBUG_INFORMATION_FORMAT = "dwarf-with-dsym";
				ENABLE_NS_ASSERTIONS = NO;
				ENABLE_STRICT_OBJC_MSGSEND = YES;
				GCC_C_LANGUAGE_STANDARD = gnu11;
				GCC_NO_COMMON_BLOCKS = YES;
				GCC_WARN_64_TO_32_BIT_CONVERSION = YES;
				GCC_WARN_ABOUT_RETURN_TYPE = YES_ERROR;
				GCC_WARN_UNDECLARED_SELECTOR = YES;
				GCC_WARN_UNINITIALIZED_AUTOS = YES_AGGRESSIVE;
				GCC_WARN_UNUSED_FUNCTION = YES;
				GCC_WARN_UNUSED_VARIABLE = YES;
				MACOSX_DEPLOYMENT_TARGET = 10.12;
				MTL_ENABLE_DEBUG_INFO = NO;
				SDKROOT = macosx;
				SWIFT_OPTIMIZATION_LEVEL = "-Owholemodule";
			};
			name = Release;
		};
		50A5BC8B1F641FBF00190C97 /* Debug */ = {
			isa = XCBuildConfiguration;
			buildSettings = {
				ASSETCATALOG_COMPILER_APPICON_NAME = AppIcon;
				CODE_SIGN_ENTITLEMENTS = "StackOverflow ToolbarItem Test/Test.entitlements";
				CODE_SIGN_IDENTITY = "Mac Developer";
				CODE_SIGN_STYLE = Automatic;
				COMBINE_HIDPI_IMAGES = YES;
				DEVELOPMENT_TEAM = VFABJ5RE5Q;
				INFOPLIST_FILE = "$(SRCROOT)/StackOverflow ToolbarItem Test/Info.plist";
				LD_RUNPATH_SEARCH_PATHS = "$(inherited) @executable_path/../Frameworks";
				PRODUCT_BUNDLE_IDENTIFIER = com.example.Test;
				PRODUCT_NAME = "$(TARGET_NAME)";
				PROVISIONING_PROFILE_SPECIFIER = "";
				SWIFT_VERSION = 4.0;
			};
			name = Debug;
		};
		50A5BC8C1F641FBF00190C97 /* Release */ = {
			isa = XCBuildConfiguration;
			buildSettings = {
				ASSETCATALOG_COMPILER_APPICON_NAME = AppIcon;
				CODE_SIGN_ENTITLEMENTS = "StackOverflow ToolbarItem Test/Test.entitlements";
				CODE_SIGN_IDENTITY = "Mac Developer";
				CODE_SIGN_STYLE = Automatic;
				COMBINE_HIDPI_IMAGES = YES;
				DEVELOPMENT_TEAM = VFABJ5RE5Q;
				INFOPLIST_FILE = "$(SRCROOT)/StackOverflow ToolbarItem Test/Info.plist";
				LD_RUNPATH_SEARCH_PATHS = "$(inherited) @executable_path/../Frameworks";
				PRODUCT_BUNDLE_IDENTIFIER = com.example.Test;
				PRODUCT_NAME = "$(TARGET_NAME)";
				PROVISIONING_PROFILE_SPECIFIER = "";
				SWIFT_VERSION = 4.0;
			};
			name = Release;
		};
/* End XCBuildConfiguration section */

/* Begin XCConfigurationList section */
		50A5BC751F641FBF00190C97 /* Build configuration list for PBXProject "StackOverflow ToolbarItem Test" */ = {
			isa = XCConfigurationList;
			buildConfigurations = (
				50A5BC881F641FBF00190C97 /* Debug */,
				50A5BC891F641FBF00190C97 /* Release */,
			);
			defaultConfigurationIsVisible = 0;
			defaultConfigurationName = Release;
		};
		50A5BC8A1F641FBF00190C97 /* Build configuration list for PBXNativeTarget "StackOverflow ToolbarItem Test" */ = {
			isa = XCConfigurationList;
			buildConfigurations = (
				50A5BC8B1F641FBF00190C97 /* Debug */,
				50A5BC8C1F641FBF00190C97 /* Release */,
			);
			defaultConfigurationIsVisible = 0;
			defaultConfigurationName = Release;
		};
/* End XCConfigurationList section */
	};
	rootObject = 50A5BC721F641FBF00190C97 /* Project object */;
}
